
Microsoft Visual Studio Solution File, Format Version 11.00
# Visual Studio 2010
Project("{FAE04EC0-301F-11D3-BF4B-00C04F79EFBC}") = "Assembly-CSharp", "Assembly-CSharp.csproj", "{2CB3FBF7-F28A-C882-6271-17D8B5DE5FC4}"
EndProject
Project("{FAE04EC0-301F-11D3-BF4B-00C04F79EFBC}") = "Assembly-CSharp-firstpass", "Assembly-CSharp-firstpass.csproj", "{67DA18B4-1887-934B-228B-8E14267BA9B0}"
EndProject
Project("{FAE04EC0-301F-11D3-BF4B-00C04F79EFBC}") = "Assembly-CSharp-Editor-firstpass", "Assembly-CSharp-Editor-firstpass.csproj", "{05515E36-2E14-AB04-9F4C-64AE8AE2E615}"
EndProject
Global
	GlobalSection(SolutionConfigurationPlatforms) = preSolution
		Debug|Any CPU = Debug|Any CPU
		Release|Any CPU = Release|Any CPU
	EndGlobalSection
	GlobalSection(ProjectConfigurationPlatforms) = postSolution
		{2CB3FBF7-F28A-C882-6271-17D8B5DE5FC4}.Debug|Any CPU.ActiveCfg = Debug|Any CPU
		{2CB3FBF7-F28A-C882-6271-17D8B5DE5FC4}.Debug|Any CPU.Build.0 = Debug|Any CPU
		{2CB3FBF7-F28A-C882-6271-17D8B5DE5FC4}.Release|Any CPU.ActiveCfg = Release|Any CPU
		{2CB3FBF7-F28A-C882-6271-17D8B5DE5FC4}.Release|Any CPU.Build.0 = Release|Any CPU
		{67DA18B4-1887-934B-228B-8E14267BA9B0}.Debug|Any CPU.ActiveCfg = Debug|Any CPU
		{67DA18B4-1887-934B-228B-8E14267BA9B0}.Debug|Any CPU.Build.0 = Debug|Any CPU
		{67DA18B4-1887-934B-228B-8E14267BA9B0}.Release|Any CPU.ActiveCfg = Release|Any CPU
		{67DA18B4-1887-934B-228B-8E14267BA9B0}.Release|Any CPU.Build.0 = Release|Any CPU
		{05515E36-2E14-AB04-9F4C-64AE8AE2E615}.Debug|Any CPU.ActiveCfg = Debug|Any CPU
		{05515E36-2E14-AB04-9F4C-64AE8AE2E615}.Debug|Any CPU.Build.0 = Debug|Any CPU
		{05515E36-2E14-AB04-9F4C-64AE8AE2E615}.Release|Any CPU.ActiveCfg = Release|Any CPU
		{05515E36-2E14-AB04-9F4C-64AE8AE2E615}.Release|Any CPU.Build.0 = Release|Any CPU
	EndGlobalSection
	GlobalSection(SolutionProperties) = preSolution
		HideSolutionNode = FALSE
	EndGlobalSection
	GlobalSection(MonoDevelopProperties) = preSolution
		StartupItem = Assembly-CSharp.csproj
	EndGlobalSection
EndGlobal
